// !$*UTF8*$!
{
	archiveVersion = 1;
	classes = {
	};
	objectVersion = 56;
	objects = {

/* Begin PBXBuildFile section */
		2A5B23BBAB4031BB38A39491 /* Pods_Quasi-3D-Reconstruction.framework in Frameworks */ = {isa = PBXBuildFile; fileRef = 3E6CD6D43AE6C7C23F63765D /* Pods_Quasi-3D-Reconstruction.framework */; };
		593FBEB72A8230D4005916D0 /* ExtractObjectOutlines.swift in Sources */ = {isa = PBXBuildFile; fileRef = 593FBEB62A8230D4005916D0 /* ExtractObjectOutlines.swift */; };
		593FBEBA2A86118B005916D0 /* CGPath.swift in Sources */ = {isa = PBXBuildFile; fileRef = 593FBEB92A86118B005916D0 /* CGPath.swift */; };
		595B1FE02A7416710059D19F /* RecordingGuideUI.swift in Sources */ = {isa = PBXBuildFile; fileRef = 595B1FDF2A7416710059D19F /* RecordingGuideUI.swift */; };
		595B1FE22A7416C50059D19F /* ImageData.swift in Sources */ = {isa = PBXBuildFile; fileRef = 595B1FE12A7416C50059D19F /* ImageData.swift */; };
		595B1FE42A74174A0059D19F /* Actions.swift in Sources */ = {isa = PBXBuildFile; fileRef = 595B1FE32A74174A0059D19F /* Actions.swift */; };
		595B1FE62A74C65C0059D19F /* ViewController+ARSessionDelegate.swift in Sources */ = {isa = PBXBuildFile; fileRef = 595B1FE52A74C65C0059D19F /* ViewController+ARSessionDelegate.swift */; };
		595B1FEB2A76A46E0059D19F /* u2net.mlmodel in Sources */ = {isa = PBXBuildFile; fileRef = 595B1FEA2A76A46E0059D19F /* u2net.mlmodel */; };
		595CE85A2A4EADB700D13DA5 /* AppDelegate.swift in Sources */ = {isa = PBXBuildFile; fileRef = 595CE8592A4EADB700D13DA5 /* AppDelegate.swift */; };
		595CE85C2A4EADB700D13DA5 /* art.scnassets in Resources */ = {isa = PBXBuildFile; fileRef = 595CE85B2A4EADB700D13DA5 /* art.scnassets */; };
		595CE85E2A4EADB700D13DA5 /* ViewController.swift in Sources */ = {isa = PBXBuildFile; fileRef = 595CE85D2A4EADB700D13DA5 /* ViewController.swift */; };
		595CE8612A4EADB700D13DA5 /* Main.storyboard in Resources */ = {isa = PBXBuildFile; fileRef = 595CE85F2A4EADB700D13DA5 /* Main.storyboard */; };
		595CE8632A4EADCF00D13DA5 /* Assets.xcassets in Resources */ = {isa = PBXBuildFile; fileRef = 595CE8622A4EADCF00D13DA5 /* Assets.xcassets */; };
		595CE8662A4EADCF00D13DA5 /* LaunchScreen.storyboard in Resources */ = {isa = PBXBuildFile; fileRef = 595CE8642A4EADCF00D13DA5 /* LaunchScreen.storyboard */; };
		598299C22A9C8DF900C81714 /* export-mesh.swift in Sources */ = {isa = PBXBuildFile; fileRef = 598299C12A9C8DF800C81714 /* export-mesh.swift */; };
		598299C42A9CE4AF00C81714 /* CIImage.swift in Sources */ = {isa = PBXBuildFile; fileRef = 598299C32A9CE4AF00C81714 /* CIImage.swift */; };
		598299EC2AA3312F00C81714 /* SCNVector3.swift in Sources */ = {isa = PBXBuildFile; fileRef = 598299EB2AA3312F00C81714 /* SCNVector3.swift */; };
		598299EE2AA39A7000C81714 /* SIMD3.swift in Sources */ = {isa = PBXBuildFile; fileRef = 598299ED2AA39A7000C81714 /* SIMD3.swift */; };
/* End PBXBuildFile section */

/* Begin PBXFileReference section */
		3E6CD6D43AE6C7C23F63765D /* Pods_Quasi-3D-Reconstruction.framework */ = {isa = PBXFileReference; explicitFileType = wrapper.framework; includeInIndex = 0; path = Pods_Quasi-3D-Reconstruction.framework; sourceTree = BUILT_PRODUCTS_DIR; };
		593FBEB62A8230D4005916D0 /* ExtractObjectOutlines.swift */ = {isa = PBXFileReference; lastKnownFileType = sourcecode.swift; path = ExtractObjectOutlines.swift; sourceTree = "<group>"; };
		593FBEB92A86118B005916D0 /* CGPath.swift */ = {isa = PBXFileReference; lastKnownFileType = sourcecode.swift; path = CGPath.swift; sourceTree = "<group>"; };
		595B1FDF2A7416710059D19F /* RecordingGuideUI.swift */ = {isa = PBXFileReference; lastKnownFileType = sourcecode.swift; path = RecordingGuideUI.swift; sourceTree = "<group>"; };
		595B1FE12A7416C50059D19F /* ImageData.swift */ = {isa = PBXFileReference; lastKnownFileType = sourcecode.swift; path = ImageData.swift; sourceTree = "<group>"; };
		595B1FE32A74174A0059D19F /* Actions.swift */ = {isa = PBXFileReference; lastKnownFileType = sourcecode.swift; path = Actions.swift; sourceTree = "<group>"; };
		595B1FE52A74C65C0059D19F /* ViewController+ARSessionDelegate.swift */ = {isa = PBXFileReference; lastKnownFileType = sourcecode.swift; path = "ViewController+ARSessionDelegate.swift"; sourceTree = "<group>"; };
		595B1FEA2A76A46E0059D19F /* u2net.mlmodel */ = {isa = PBXFileReference; lastKnownFileType = file.mlmodel; path = u2net.mlmodel; sourceTree = "<group>"; };
		595CE8562A4EADB700D13DA5 /* Quasi-3D-Reconstruction.app */ = {isa = PBXFileReference; explicitFileType = wrapper.application; includeInIndex = 0; path = Quasi-3D-Reconstruction.app; sourceTree = BUILT_PRODUCTS_DIR; };
		595CE8592A4EADB700D13DA5 /* AppDelegate.swift */ = {isa = PBXFileReference; lastKnownFileType = sourcecode.swift; path = AppDelegate.swift; sourceTree = "<group>"; };
		595CE85B2A4EADB700D13DA5 /* art.scnassets */ = {isa = PBXFileReference; lastKnownFileType = wrapper.scnassets; path = art.scnassets; sourceTree = "<group>"; };
		595CE85D2A4EADB700D13DA5 /* ViewController.swift */ = {isa = PBXFileReference; lastKnownFileType = sourcecode.swift; path = ViewController.swift; sourceTree = "<group>"; };
		595CE8602A4EADB700D13DA5 /* Base */ = {isa = PBXFileReference; lastKnownFileType = file.storyboard; name = Base; path = Base.lproj/Main.storyboard; sourceTree = "<group>"; };
		595CE8622A4EADCF00D13DA5 /* Assets.xcassets */ = {isa = PBXFileReference; lastKnownFileType = folder.assetcatalog; path = Assets.xcassets; sourceTree = "<group>"; };
		595CE8652A4EADCF00D13DA5 /* Base */ = {isa = PBXFileReference; lastKnownFileType = file.storyboard; name = Base; path = Base.lproj/LaunchScreen.storyboard; sourceTree = "<group>"; };
		598299C12A9C8DF800C81714 /* export-mesh.swift */ = {isa = PBXFileReference; lastKnownFileType = sourcecode.swift; path = "export-mesh.swift"; sourceTree = "<group>"; };
		598299C32A9CE4AF00C81714 /* CIImage.swift */ = {isa = PBXFileReference; lastKnownFileType = sourcecode.swift; path = CIImage.swift; sourceTree = "<group>"; };
		598299EB2AA3312F00C81714 /* SCNVector3.swift */ = {isa = PBXFileReference; lastKnownFileType = sourcecode.swift; path = SCNVector3.swift; sourceTree = "<group>"; };
		598299ED2AA39A7000C81714 /* SIMD3.swift */ = {isa = PBXFileReference; lastKnownFileType = sourcecode.swift; path = SIMD3.swift; sourceTree = "<group>"; };
		AD093C931D01528D9BC1ACC9 /* Pods-Quasi-3D-Reconstruction.debug.xcconfig */ = {isa = PBXFileReference; includeInIndex = 1; lastKnownFileType = text.xcconfig; name = "Pods-Quasi-3D-Reconstruction.debug.xcconfig"; path = "Target Support Files/Pods-Quasi-3D-Reconstruction/Pods-Quasi-3D-Reconstruction.debug.xcconfig"; sourceTree = "<group>"; };
		B9E65DAE30FF56A4D1AABF4E /* Pods-Quasi-3D-Reconstruction.release.xcconfig */ = {isa = PBXFileReference; includeInIndex = 1; lastKnownFileType = text.xcconfig; name = "Pods-Quasi-3D-Reconstruction.release.xcconfig"; path = "Target Support Files/Pods-Quasi-3D-Reconstruction/Pods-Quasi-3D-Reconstruction.release.xcconfig"; sourceTree = "<group>"; };
/* End PBXFileReference section */

/* Begin PBXFrameworksBuildPhase section */
		595CE8532A4EADB700D13DA5 /* Frameworks */ = {
			isa = PBXFrameworksBuildPhase;
			buildActionMask = 2147483647;
			files = (
				2A5B23BBAB4031BB38A39491 /* Pods_Quasi-3D-Reconstruction.framework in Frameworks */,
			);
			runOnlyForDeploymentPostprocessing = 0;
		};
/* End PBXFrameworksBuildPhase section */

/* Begin PBXGroup section */
		332926F5F12DB82938F1A31C /* Frameworks */ = {
			isa = PBXGroup;
			children = (
				3E6CD6D43AE6C7C23F63765D /* Pods_Quasi-3D-Reconstruction.framework */,
			);
			name = Frameworks;
			sourceTree = "<group>";
		};
		593FBEB52A8230BE005916D0 /* ImageProcessing */ = {
			isa = PBXGroup;
			children = (
				593FBEB62A8230D4005916D0 /* ExtractObjectOutlines.swift */,
			);
			path = ImageProcessing;
			sourceTree = "<group>";
		};
		593FBEB82A861149005916D0 /* Extension */ = {
			isa = PBXGroup;
			children = (
				593FBEB92A86118B005916D0 /* CGPath.swift */,
				598299C32A9CE4AF00C81714 /* CIImage.swift */,
				598299EB2AA3312F00C81714 /* SCNVector3.swift */,
				598299ED2AA39A7000C81714 /* SIMD3.swift */,
			);
			path = Extension;
			sourceTree = "<group>";
		};
		595B1FDE2A74160F0059D19F /* Quasi-3D-Reconstruction */ = {
			isa = PBXGroup;
			children = (
				595B1FDF2A7416710059D19F /* RecordingGuideUI.swift */,
				595B1FE12A7416C50059D19F /* ImageData.swift */,
				595B1FE32A74174A0059D19F /* Actions.swift */,
			);
			path = "Quasi-3D-Reconstruction";
			sourceTree = "<group>";
		};
		595B1FE72A7543230059D19F /* Controllers */ = {
			isa = PBXGroup;
			children = (
				595CE8592A4EADB700D13DA5 /* AppDelegate.swift */,
				595CE85D2A4EADB700D13DA5 /* ViewController.swift */,
				595B1FE52A74C65C0059D19F /* ViewController+ARSessionDelegate.swift */,
			);
			path = Controllers;
			sourceTree = "<group>";
		};
		595CE84D2A4EADB700D13DA5 = {
			isa = PBXGroup;
			children = (
				595CE8582A4EADB700D13DA5 /* Quasi-3D-Reconstruction */,
				595CE8572A4EADB700D13DA5 /* Products */,
				C8CA4AAA21D5A7DEC1FEB41E /* Pods */,
				332926F5F12DB82938F1A31C /* Frameworks */,
			);
			sourceTree = "<group>";
		};
		595CE8572A4EADB700D13DA5 /* Products */ = {
			isa = PBXGroup;
			children = (
				595CE8562A4EADB700D13DA5 /* Quasi-3D-Reconstruction.app */,
			);
			name = Products;
			sourceTree = "<group>";
		};
		595CE8582A4EADB700D13DA5 /* Quasi-3D-Reconstruction */ = {
			isa = PBXGroup;
			children = (
				598299C52A9F92E200C81714 /* IO */,
				593FBEB82A861149005916D0 /* Extension */,
				593FBEB52A8230BE005916D0 /* ImageProcessing */,
				595B1FE72A7543230059D19F /* Controllers */,
				595B1FDE2A74160F0059D19F /* Quasi-3D-Reconstruction */,
				595CE85B2A4EADB700D13DA5 /* art.scnassets */,
				595CE85F2A4EADB700D13DA5 /* Main.storyboard */,
				595CE8622A4EADCF00D13DA5 /* Assets.xcassets */,
				595CE8642A4EADCF00D13DA5 /* LaunchScreen.storyboard */,
				595B1FEA2A76A46E0059D19F /* u2net.mlmodel */,
			);
			path = Quasi-3D-Reconstruction;
			sourceTree = "<group>";
		};
		598299C52A9F92E200C81714 /* IO */ = {
			isa = PBXGroup;
			children = (
				598299C12A9C8DF800C81714 /* export-mesh.swift */,
			);
			path = IO;
			sourceTree = "<group>";
		};
		C8CA4AAA21D5A7DEC1FEB41E /* Pods */ = {
			isa = PBXGroup;
			children = (
				AD093C931D01528D9BC1ACC9 /* Pods-Quasi-3D-Reconstruction.debug.xcconfig */,
				B9E65DAE30FF56A4D1AABF4E /* Pods-Quasi-3D-Reconstruction.release.xcconfig */,
			);
			path = Pods;
			sourceTree = "<group>";
		};
/* End PBXGroup section */

/* Begin PBXNativeTarget section */
		595CE8552A4EADB700D13DA5 /* Quasi-3D-Reconstruction */ = {
			isa = PBXNativeTarget;
			buildConfigurationList = 595CE8692A4EADCF00D13DA5 /* Build configuration list for PBXNativeTarget "Quasi-3D-Reconstruction" */;
			buildPhases = (
				98A925FFB071363716501A10 /* [CP] Check Pods Manifest.lock */,
				595CE8522A4EADB700D13DA5 /* Sources */,
				595CE8532A4EADB700D13DA5 /* Frameworks */,
				595CE8542A4EADB700D13DA5 /* Resources */,
				2D475C300500ABFA9F6D1EBE /* [CP] Embed Pods Frameworks */,
			);
			buildRules = (
			);
			dependencies = (
			);
			name = Quasi-3D-Reconstruction;
			productName = Quasi-3D-Reconstruction;
			productReference = 595CE8562A4EADB700D13DA5 /* Quasi-3D-Reconstruction.app */;
			productType = "com.apple.product-type.application";
		};
/* End PBXNativeTarget section */

/* Begin PBXProject section */
		595CE84E2A4EADB700D13DA5 /* Project object */ = {
			isa = PBXProject;
			attributes = {
				BuildIndependentTargetsInParallel = 1;
				LastSwiftUpdateCheck = 1430;
				LastUpgradeCheck = 1430;
				TargetAttributes = {
					595CE8552A4EADB700D13DA5 = {
						CreatedOnToolsVersion = 14.3.1;
					};
				};
			};
			buildConfigurationList = 595CE8512A4EADB700D13DA5 /* Build configuration list for PBXProject "Quasi-3D-Reconstruction" */;
			compatibilityVersion = "Xcode 14.0";
			developmentRegion = en;
			hasScannedForEncodings = 0;
			knownRegions = (
				en,
				Base,
			);
			mainGroup = 595CE84D2A4EADB700D13DA5;
			productRefGroup = 595CE8572A4EADB700D13DA5 /* Products */;
			projectDirPath = "";
			projectRoot = "";
			targets = (
				595CE8552A4EADB700D13DA5 /* Quasi-3D-Reconstruction */,
			);
		};
/* End PBXProject section */

/* Begin PBXResourcesBuildPhase section */
		595CE8542A4EADB700D13DA5 /* Resources */ = {
			isa = PBXResourcesBuildPhase;
			buildActionMask = 2147483647;
			files = (
				595CE85C2A4EADB700D13DA5 /* art.scnassets in Resources */,
				595CE8662A4EADCF00D13DA5 /* LaunchScreen.storyboard in Resources */,
				595CE8632A4EADCF00D13DA5 /* Assets.xcassets in Resources */,
				595CE8612A4EADB700D13DA5 /* Main.storyboard in Resources */,
			);
			runOnlyForDeploymentPostprocessing = 0;
		};
/* End PBXResourcesBuildPhase section */

/* Begin PBXShellScriptBuildPhase section */
		2D475C300500ABFA9F6D1EBE /* [CP] Embed Pods Frameworks */ = {
			isa = PBXShellScriptBuildPhase;
			buildActionMask = 2147483647;
			files = (
			);
			inputFileListPaths = (
				"${PODS_ROOT}/Target Support Files/Pods-Quasi-3D-Reconstruction/Pods-Quasi-3D-Reconstruction-frameworks-${CONFIGURATION}-input-files.xcfilelist",
			);
			name = "[CP] Embed Pods Frameworks";
			outputFileListPaths = (
				"${PODS_ROOT}/Target Support Files/Pods-Quasi-3D-Reconstruction/Pods-Quasi-3D-Reconstruction-frameworks-${CONFIGURATION}-output-files.xcfilelist",
			);
			runOnlyForDeploymentPostprocessing = 0;
			shellPath = /bin/sh;
			shellScript = "\"${PODS_ROOT}/Target Support Files/Pods-Quasi-3D-Reconstruction/Pods-Quasi-3D-Reconstruction-frameworks.sh\"\n";
			showEnvVarsInLog = 0;
		};
		98A925FFB071363716501A10 /* [CP] Check Pods Manifest.lock */ = {
			isa = PBXShellScriptBuildPhase;
			buildActionMask = 2147483647;
			files = (
			);
			inputFileListPaths = (
			);
			inputPaths = (
				"${PODS_PODFILE_DIR_PATH}/Podfile.lock",
				"${PODS_ROOT}/Manifest.lock",
			);
			name = "[CP] Check Pods Manifest.lock";
			outputFileListPaths = (
			);
			outputPaths = (
				"$(DERIVED_FILE_DIR)/Pods-Quasi-3D-Reconstruction-checkManifestLockResult.txt",
			);
			runOnlyForDeploymentPostprocessing = 0;
			shellPath = /bin/sh;
			shellScript = "diff \"${PODS_PODFILE_DIR_PATH}/Podfile.lock\" \"${PODS_ROOT}/Manifest.lock\" > /dev/null\nif [ $? != 0 ] ; then\n    # print error to STDERR\n    echo \"error: The sandbox is not in sync with the Podfile.lock. Run 'pod install' or update your CocoaPods installation.\" >&2\n    exit 1\nfi\n# This output is used by Xcode 'outputs' to avoid re-running this script phase.\necho \"SUCCESS\" > \"${SCRIPT_OUTPUT_FILE_0}\"\n";
			showEnvVarsInLog = 0;
		};
/* End PBXShellScriptBuildPhase section */

/* Begin PBXSourcesBuildPhase section */
		595CE8522A4EADB700D13DA5 /* Sources */ = {
			isa = PBXSourcesBuildPhase;
			buildActionMask = 2147483647;
			files = (
				598299C42A9CE4AF00C81714 /* CIImage.swift in Sources */,
				595B1FE42A74174A0059D19F /* Actions.swift in Sources */,
				595B1FE02A7416710059D19F /* RecordingGuideUI.swift in Sources */,
				593FBEBA2A86118B005916D0 /* CGPath.swift in Sources */,
				595CE85E2A4EADB700D13DA5 /* ViewController.swift in Sources */,
				598299EC2AA3312F00C81714 /* SCNVector3.swift in Sources */,
				595B1FEB2A76A46E0059D19F /* u2net.mlmodel in Sources */,
				598299C22A9C8DF900C81714 /* export-mesh.swift in Sources */,
				598299EE2AA39A7000C81714 /* SIMD3.swift in Sources */,
				595B1FE62A74C65C0059D19F /* ViewController+ARSessionDelegate.swift in Sources */,
				595B1FE22A7416C50059D19F /* ImageData.swift in Sources */,
				595CE85A2A4EADB700D13DA5 /* AppDelegate.swift in Sources */,
				593FBEB72A8230D4005916D0 /* ExtractObjectOutlines.swift in Sources */,
			);
			runOnlyForDeploymentPostprocessing = 0;
		};
/* End PBXSourcesBuildPhase section */

/* Begin PBXVariantGroup section */
		595CE85F2A4EADB700D13DA5 /* Main.storyboard */ = {
			isa = PBXVariantGroup;
			children = (
				595CE8602A4EADB700D13DA5 /* Base */,
			);
			name = Main.storyboard;
			sourceTree = "<group>";
		};
		595CE8642A4EADCF00D13DA5 /* LaunchScreen.storyboard */ = {
			isa = PBXVariantGroup;
			children = (
				595CE8652A4EADCF00D13DA5 /* Base */,
			);
			name = LaunchScreen.storyboard;
			sourceTree = "<group>";
		};
/* End PBXVariantGroup section */

/* Begin XCBuildConfiguration section */
		595CE8672A4EADCF00D13DA5 /* Debug */ = {
			isa = XCBuildConfiguration;
			buildSettings = {
				ALWAYS_SEARCH_USER_PATHS = NO;
				CLANG_ANALYZER_NONNULL = YES;
				CLANG_ANALYZER_NUMBER_OBJECT_CONVERSION = YES_AGGRESSIVE;
				CLANG_CXX_LANGUAGE_STANDARD = "gnu++20";
				CLANG_ENABLE_MODULES = YES;
				CLANG_ENABLE_OBJC_ARC = YES;
				CLANG_ENABLE_OBJC_WEAK = YES;
				CLANG_WARN_BLOCK_CAPTURE_AUTORELEASING = YES;
				CLANG_WARN_BOOL_CONVERSION = YES;
				CLANG_WARN_COMMA = YES;
				CLANG_WARN_CONSTANT_CONVERSION = YES;
				CLANG_WARN_DEPRECATED_OBJC_IMPLEMENTATIONS = YES;
				CLANG_WARN_DIRECT_OBJC_ISA_USAGE = YES_ERROR;
				CLANG_WARN_DOCUMENTATION_COMMENTS = YES;
				CLANG_WARN_EMPTY_BODY = YES;
				CLANG_WARN_ENUM_CONVERSION = YES;
				CLANG_WARN_INFINITE_RECURSION = YES;
				CLANG_WARN_INT_CONVERSION = YES;
				CLANG_WARN_NON_LITERAL_NULL_CONVERSION = YES;
				CLANG_WARN_OBJC_IMPLICIT_RETAIN_SELF = YES;
				CLANG_WARN_OBJC_LITERAL_CONVERSION = YES;
				CLANG_WARN_OBJC_ROOT_CLASS = YES_ERROR;
				CLANG_WARN_QUOTED_INCLUDE_IN_FRAMEWORK_HEADER = YES;
				CLANG_WARN_RANGE_LOOP_ANALYSIS = YES;
				CLANG_WARN_STRICT_PROTOTYPES = YES;
				CLANG_WARN_SUSPICIOUS_MOVE = YES;
				CLANG_WARN_UNGUARDED_AVAILABILITY = YES_AGGRESSIVE;
				CLANG_WARN_UNREACHABLE_CODE = YES;
				CLANG_WARN__DUPLICATE_METHOD_MATCH = YES;
				COPY_PHASE_STRIP = NO;
				DEBUG_INFORMATION_FORMAT = dwarf;
				ENABLE_STRICT_OBJC_MSGSEND = YES;
				ENABLE_TESTABILITY = YES;
				GCC_C_LANGUAGE_STANDARD = gnu11;
				GCC_DYNAMIC_NO_PIC = NO;
				GCC_NO_COMMON_BLOCKS = YES;
				GCC_OPTIMIZATION_LEVEL = 0;
				GCC_PREPROCESSOR_DEFINITIONS = (
					"DEBUG=1",
					"$(inherited)",
				);
				GCC_WARN_64_TO_32_BIT_CONVERSION = YES;
				GCC_WARN_ABOUT_RETURN_TYPE = YES_ERROR;
				GCC_WARN_UNDECLARED_SELECTOR = YES;
				GCC_WARN_UNINITIALIZED_AUTOS = YES_AGGRESSIVE;
				GCC_WARN_UNUSED_FUNCTION = YES;
				GCC_WARN_UNUSED_VARIABLE = YES;
				IPHONEOS_DEPLOYMENT_TARGET = 16.4;
				MTL_ENABLE_DEBUG_INFO = INCLUDE_SOURCE;
				MTL_FAST_MATH = YES;
				ONLY_ACTIVE_ARCH = YES;
				SDKROOT = iphoneos;
				SWIFT_ACTIVE_COMPILATION_CONDITIONS = DEBUG;
				SWIFT_OPTIMIZATION_LEVEL = "-Onone";
			};
			name = Debug;
		};
		595CE8682A4EADCF00D13DA5 /* Release */ = {
			isa = XCBuildConfiguration;
			buildSettings = {
				ALWAYS_SEARCH_USER_PATHS = NO;
				CLANG_ANALYZER_NONNULL = YES;
				CLANG_ANALYZER_NUMBER_OBJECT_CONVERSION = YES_AGGRESSIVE;
				CLANG_CXX_LANGUAGE_STANDARD = "gnu++20";
				CLANG_ENABLE_MODULES = YES;
				CLANG_ENABLE_OBJC_ARC = YES;
				CLANG_ENABLE_OBJC_WEAK = YES;
				CLANG_WARN_BLOCK_CAPTURE_AUTORELEASING = YES;
				CLANG_WARN_BOOL_CONVERSION = YES;
				CLANG_WARN_COMMA = YES;
				CLANG_WARN_CONSTANT_CONVERSION = YES;
				CLANG_WARN_DEPRECATED_OBJC_IMPLEMENTATIONS = YES;
				CLANG_WARN_DIRECT_OBJC_ISA_USAGE = YES_ERROR;
				CLANG_WARN_DOCUMENTATION_COMMENTS = YES;
				CLANG_WARN_EMPTY_BODY = YES;
				CLANG_WARN_ENUM_CONVERSION = YES;
				CLANG_WARN_INFINITE_RECURSION = YES;
				CLANG_WARN_INT_CONVERSION = YES;
				CLANG_WARN_NON_LITERAL_NULL_CONVERSION = YES;
				CLANG_WARN_OBJC_IMPLICIT_RETAIN_SELF = YES;
				CLANG_WARN_OBJC_LITERAL_CONVERSION = YES;
				CLANG_WARN_OBJC_ROOT_CLASS = YES_ERROR;
				CLANG_WARN_QUOTED_INCLUDE_IN_FRAMEWORK_HEADER = YES;
				CLANG_WARN_RANGE_LOOP_ANALYSIS = YES;
				CLANG_WARN_STRICT_PROTOTYPES = YES;
				CLANG_WARN_SUSPICIOUS_MOVE = YES;
				CLANG_WARN_UNGUARDED_AVAILABILITY = YES_AGGRESSIVE;
				CLANG_WARN_UNREACHABLE_CODE = YES;
				CLANG_WARN__DUPLICATE_METHOD_MATCH = YES;
				COPY_PHASE_STRIP = NO;
				DEBUG_INFORMATION_FORMAT = "dwarf-with-dsym";
				ENABLE_NS_ASSERTIONS = NO;
				ENABLE_STRICT_OBJC_MSGSEND = YES;
				GCC_C_LANGUAGE_STANDARD = gnu11;
				GCC_NO_COMMON_BLOCKS = YES;
				GCC_WARN_64_TO_32_BIT_CONVERSION = YES;
				GCC_WARN_ABOUT_RETURN_TYPE = YES_ERROR;
				GCC_WARN_UNDECLARED_SELECTOR = YES;
				GCC_WARN_UNINITIALIZED_AUTOS = YES_AGGRESSIVE;
				GCC_WARN_UNUSED_FUNCTION = YES;
				GCC_WARN_UNUSED_VARIABLE = YES;
				IPHONEOS_DEPLOYMENT_TARGET = 16.4;
				MTL_ENABLE_DEBUG_INFO = NO;
				MTL_FAST_MATH = YES;
				SDKROOT = iphoneos;
				SWIFT_COMPILATION_MODE = wholemodule;
				SWIFT_OPTIMIZATION_LEVEL = "-O";
				VALIDATE_PRODUCT = YES;
			};
			name = Release;
		};
		595CE86A2A4EADCF00D13DA5 /* Debug */ = {
			isa = XCBuildConfiguration;
			baseConfigurationReference = AD093C931D01528D9BC1ACC9 /* Pods-Quasi-3D-Reconstruction.debug.xcconfig */;
			buildSettings = {
				ASSETCATALOG_COMPILER_APPICON_NAME = AppIcon;
				ASSETCATALOG_COMPILER_GLOBAL_ACCENT_COLOR_NAME = AccentColor;
				CODE_SIGN_STYLE = Automatic;
				CURRENT_PROJECT_VERSION = 1;
				DEVELOPMENT_TEAM = 25N9KY6DM8;
				GENERATE_INFOPLIST_FILE = YES;
				INFOPLIST_KEY_NSCameraUsageDescription = "";
				INFOPLIST_KEY_UIApplicationSupportsIndirectInputEvents = YES;
				INFOPLIST_KEY_UILaunchStoryboardName = LaunchScreen;
				INFOPLIST_KEY_UIMainStoryboardFile = Main;
				INFOPLIST_KEY_UIRequiredDeviceCapabilities = arkit;
				INFOPLIST_KEY_UIStatusBarHidden = YES;
				INFOPLIST_KEY_UISupportedInterfaceOrientations_iPad = "UIInterfaceOrientationPortrait UIInterfaceOrientationPortraitUpsideDown UIInterfaceOrientationLandscapeLeft UIInterfaceOrientationLandscapeRight";
				INFOPLIST_KEY_UISupportedInterfaceOrientations_iPhone = "UIInterfaceOrientationPortrait UIInterfaceOrientationLandscapeLeft UIInterfaceOrientationLandscapeRight";
				IPHONEOS_DEPLOYMENT_TARGET = 14.0;
				LD_RUNPATH_SEARCH_PATHS = (
					"$(inherited)",
					"@executable_path/Frameworks",
				);
				MARKETING_VERSION = 1.0;
				PRODUCT_BUNDLE_IDENTIFIER = nibuiro.Quasi-3D-Reconstruction;
				PRODUCT_NAME = "$(TARGET_NAME)";
				SWIFT_EMIT_LOC_STRINGS = YES;
				SWIFT_VERSION = 5.0;
				TARGETED_DEVICE_FAMILY = "1,2";
			};
			name = Debug;
		};
		595CE86B2A4EADCF00D13DA5 /* Release */ = {
			isa = XCBuildConfiguration;
			baseConfigurationReference = B9E65DAE30FF56A4D1AABF4E /* Pods-Quasi-3D-Reconstruction.release.xcconfig */;
			buildSettings = {
				ASSETCATALOG_COMPILER_APPICON_NAME = AppIcon;
				ASSETCATALOG_COMPILER_GLOBAL_ACCENT_COLOR_NAME = AccentColor;
				CODE_SIGN_STYLE = Automatic;
				CURRENT_PROJECT_VERSION = 1;
				DEVELOPMENT_TEAM = 25N9KY6DM8;
				GENERATE_INFOPLIST_FILE = YES;
				INFOPLIST_KEY_NSCameraUsageDescription = "";
				INFOPLIST_KEY_UIApplicationSupportsIndirectInputEvents = YES;
				INFOPLIST_KEY_UILaunchStoryboardName = LaunchScreen;
				INFOPLIST_KEY_UIMainStoryboardFile = Main;
				INFOPLIST_KEY_UIRequiredDeviceCapabilities = arkit;
				INFOPLIST_KEY_UIStatusBarHidden = YES;
				INFOPLIST_KEY_UISupportedInterfaceOrientations_iPad = "UIInterfaceOrientationPortrait UIInterfaceOrientationPortraitUpsideDown UIInterfaceOrientationLandscapeLeft UIInterfaceOrientationLandscapeRight";
				INFOPLIST_KEY_UISupportedInterfaceOrientations_iPhone = "UIInterfaceOrientationPortrait UIInterfaceOrientationLandscapeLeft UIInterfaceOrientationLandscapeRight";
				IPHONEOS_DEPLOYMENT_TARGET = 14.0;
				LD_RUNPATH_SEARCH_PATHS = (
					"$(inherited)",
					"@executable_path/Frameworks",
				);
				MARKETING_VERSION = 1.0;
				PRODUCT_BUNDLE_IDENTIFIER = nibuiro.Quasi-3D-Reconstruction;
				PRODUCT_NAME = "$(TARGET_NAME)";
				SWIFT_EMIT_LOC_STRINGS = YES;
				SWIFT_VERSION = 5.0;
				TARGETED_DEVICE_FAMILY = "1,2";
			};
			name = Release;
		};
/* End XCBuildConfiguration section */

/* Begin XCConfigurationList section */
		595CE8512A4EADB700D13DA5 /* Build configuration list for PBXProject "Quasi-3D-Reconstruction" */ = {
			isa = XCConfigurationList;
			buildConfigurations = (
				595CE8672A4EADCF00D13DA5 /* Debug */,
				595CE8682A4EADCF00D13DA5 /* Release */,
			);
			defaultConfigurationIsVisible = 0;
			defaultConfigurationName = Release;
		};
		595CE8692A4EADCF00D13DA5 /* Build configuration list for PBXNativeTarget "Quasi-3D-Reconstruction" */ = {
			isa = XCConfigurationList;
			buildConfigurations = (
				595CE86A2A4EADCF00D13DA5 /* Debug */,
				595CE86B2A4EADCF00D13DA5 /* Release */,
			);
			defaultConfigurationIsVisible = 0;
			defaultConfigurationName = Release;
		};
/* End XCConfigurationList section */
	};
	rootObject = 595CE84E2A4EADB700D13DA5 /* Project object */;
}
